
Microsoft Visual Studio Solution File, Format Version 12.00
# Visual Studio Version 16
VisualStudioVersion = 16.0.32002.261
MinimumVisualStudioVersion = 10.0.40219.1
Project("{FAE04EC0-301F-11D3-BF4B-00C04F79EFBC}") = "BookProject", "BookProject\BookProject.csproj", "{E7BB74A1-904E-410D-93D0-0686251C368A}"
EndProject
Global
	GlobalSection(SolutionConfigurationPlatforms) = preSolution
		Debug|Any CPU = Debug|Any CPU
		Release|Any CPU = Release|Any CPU
	EndGlobalSection
	GlobalSection(ProjectConfigurationPlatforms) = postSolution
		{E7BB74A1-904E-410D-93D0-0686251C368A}.Debug|Any CPU.ActiveCfg = Debug|Any CPU
		{E7BB74A1-904E-410D-93D0-0686251C368A}.Debug|Any CPU.Build.0 = Debug|Any CPU
		{E7BB74A1-904E-410D-93D0-0686251C368A}.Release|Any CPU.ActiveCfg = Release|Any CPU
		{E7BB74A1-904E-410D-93D0-0686251C368A}.Release|Any CPU.Build.0 = Release|Any CPU
	EndGlobalSection
	GlobalSection(SolutionProperties) = preSolution
		HideSolutionNode = FALSE
	EndGlobalSection
	GlobalSection(ExtensibilityGlobals) = postSolution
		SolutionGuid = {EBF3BF32-5CBC-41D2-9365-1C67EF623B27}
	EndGlobalSection
EndGlobal
